
Microsoft Visual Studio Solution File, Format Version 12.00
# Visual Studio Version 16
VisualStudioVersion = 16.0.29009.5
MinimumVisualStudioVersion = 10.0.40219.1
Project("{8BC9CEB8-8B4A-11D0-8D11-00A0C91BC942}") = "005_format", "005_format\005_format.vcxproj", "{7FBABC11-0966-4D6E-A3A6-AEF9D3C1175D}"
EndProject
Project("{8BC9CEB8-8B4A-11D0-8D11-00A0C91BC942}") = "006_string_algo", "006_string_algo\006_string_algo.vcxproj", "{8053967E-02A7-4BC1-9DF6-38FBA0D3B24F}"
EndProject
Project("{8BC9CEB8-8B4A-11D0-8D11-00A0C91BC942}") = "007_string_algo_2", "007_string_algo_2\007_string_algo_2.vcxproj", "{B37244CF-7468-4810-B9C5-F7ED38B0A400}"
EndProject
Project("{8BC9CEB8-8B4A-11D0-8D11-00A0C91BC942}") = "008_boost_algo_3", "008_boost_algo_3\008_boost_algo_3.vcxproj", "{629427B4-8C4A-4F1F-8901-31A6E4874FAD}"
EndProject
Project("{8BC9CEB8-8B4A-11D0-8D11-00A0C91BC942}") = "009_boost_auto", "009_boost_auto\009_boost_auto.vcxproj", "{34C6E2A9-8458-4F9D-B719-65E503EFCB1E}"
EndProject
Project("{8BC9CEB8-8B4A-11D0-8D11-00A0C91BC942}") = "010_boost_tokenizer", "010_boost_tokenizer\010_boost_tokenizer.vcxproj", "{3F57A4D6-BCA0-46FF-B5A1-755FA972BB3A}"
EndProject
Project("{8BC9CEB8-8B4A-11D0-8D11-00A0C91BC942}") = "012_boost_datetime", "012_boost_datetime\012_boost_datetime.vcxproj", "{D2C60325-8379-4CFF-B2AB-046B357A3C18}"
EndProject
Project("{8BC9CEB8-8B4A-11D0-8D11-00A0C91BC942}") = "014_boost_datetime3", "014_boost_datetime3\014_boost_datetime3.vcxproj", "{49E089A4-6146-4C82-8A97-DC70571F344A}"
EndProject
Project("{8BC9CEB8-8B4A-11D0-8D11-00A0C91BC942}") = "016_auto_ptr", "016_auto_ptr\016_auto_ptr.vcxproj", "{9F5298E2-B30E-46F7-9AC7-5A88EB1BC202}"
EndProject
Project("{8BC9CEB8-8B4A-11D0-8D11-00A0C91BC942}") = "017_scoped_ptr", "017_scoped_ptr\017_scoped_ptr.vcxproj", "{A01C379F-DC2F-45BC-9572-2554D0F8B6AA}"
EndProject
Project("{8BC9CEB8-8B4A-11D0-8D11-00A0C91BC942}") = "018_shared_ptr", "018_shared_ptr\018_shared_ptr.vcxproj", "{A9AD4369-E75F-4B01-AFCE-ACB1F4A72354}"
EndProject
Project("{8BC9CEB8-8B4A-11D0-8D11-00A0C91BC942}") = "019_shared_ptr_2", "019_shared_ptr_2\019_shared_ptr_2.vcxproj", "{E7225BB6-DFC8-4292-B21B-47BA235DE304}"
EndProject
Project("{8BC9CEB8-8B4A-11D0-8D11-00A0C91BC942}") = "020_make_shared", "020_make_shared\020_make_shared.vcxproj", "{2335A5E4-E1A7-4289-BE2F-75A960CD3F25}"
EndProject
Project("{8BC9CEB8-8B4A-11D0-8D11-00A0C91BC942}") = "021_shared_array", "021_shared_array\021_shared_array.vcxproj", "{D99DF26D-C77A-448D-B05E-EA99AF5E359D}"
EndProject
Project("{8BC9CEB8-8B4A-11D0-8D11-00A0C91BC942}") = "022_weak_ptr", "022_weak_ptr\022_weak_ptr.vcxproj", "{FCF82E5F-8667-447E-9357-9A4E323C4DA6}"
EndProject
Project("{8BC9CEB8-8B4A-11D0-8D11-00A0C91BC942}") = "023_weak_ptr_2", "023_weak_ptr_2\023_weak_ptr_2.vcxproj", "{CD9700F6-6420-47E5-B008-C0A5B3327E32}"
EndProject
Project("{8BC9CEB8-8B4A-11D0-8D11-00A0C91BC942}") = "024_nocopyable", "024_nocopyable\024_nocopyable.vcxproj", "{63A15654-A165-4266-85DD-9CB5FAA7972F}"
EndProject
Project("{8BC9CEB8-8B4A-11D0-8D11-00A0C91BC942}") = "025_timer", "025_timer\025_timer.vcxproj", "{99745112-6481-45CE-A5A5-93F41B77713D}"
EndProject
Project("{8BC9CEB8-8B4A-11D0-8D11-00A0C91BC942}") = "026_cpu_timer", "026_cpu_timer\026_cpu_timer.vcxproj", "{746F82DB-2159-4065-BAD3-372DE50A1730}"
EndProject
Project("{8BC9CEB8-8B4A-11D0-8D11-00A0C91BC942}") = "027_array", "027_array\027_array.vcxproj", "{28212DF9-8D4D-455A-9C83-FA5ADE5299DA}"
EndProject
Project("{8BC9CEB8-8B4A-11D0-8D11-00A0C91BC942}") = "028_unordered_set", "028_unordered_set\028_unordered_set.vcxproj", "{FD8B5FB7-18E1-4836-84B8-4B2AF364E7CB}"
EndProject
Project("{8BC9CEB8-8B4A-11D0-8D11-00A0C91BC942}") = "028_unordered_multiset", "28_unordered_multiset\28_unordered_multiset.vcxproj", "{8DC26F14-AC7F-43BC-9584-816E71A5B38C}"
EndProject
Project("{8BC9CEB8-8B4A-11D0-8D11-00A0C91BC942}") = "030_ordered_map", "030_ordered_map\030_ordered_map.vcxproj", "{DA15BB59-0F0D-44D5-A871-5BD2E815C31E}"
EndProject
Project("{8BC9CEB8-8B4A-11D0-8D11-00A0C91BC942}") = "031_ordered_multimap", "031_ordered_multimap\031_ordered_multimap.vcxproj", "{A9E64B59-F6A9-4211-A775-D446126461BA}"
EndProject
Project("{8BC9CEB8-8B4A-11D0-8D11-00A0C91BC942}") = "032_bimap", "032_bimap\032_bimap.vcxproj", "{B80C8511-3EED-4D98-A394-E07A12242ED5}"
EndProject
Project("{8BC9CEB8-8B4A-11D0-8D11-00A0C91BC942}") = "033_circular_buffer", "033_circular_buffer\033_circular_buffer.vcxproj", "{4669256C-AFDB-4998-AD80-E62193829373}"
EndProject
Project("{8BC9CEB8-8B4A-11D0-8D11-00A0C91BC942}") = "034_array", "034_array\034_array.vcxproj", "{70AAF7DB-F410-433B-88AC-148D7B15B8A8}"
EndProject
Project("{8BC9CEB8-8B4A-11D0-8D11-00A0C91BC942}") = "035_property_tree", "035_property_tree\035_property_tree.vcxproj", "{AD34DA06-646A-41D3-91E4-68DC6A20AC04}"
EndProject
Project("{8BC9CEB8-8B4A-11D0-8D11-00A0C91BC942}") = "036_property_tree_json", "036_property_tree_json\036_property_tree_json.vcxproj", "{E5A626FE-3761-4E6B-BDA7-0AD98E9B5F3F}"
EndProject
Project("{8BC9CEB8-8B4A-11D0-8D11-00A0C91BC942}") = "037_boost_foreach", "037_boost_foreach\037_boost_foreach.vcxproj", "{D575C299-A7FC-410A-85C7-87F82F57ECF2}"
EndProject
Project("{8BC9CEB8-8B4A-11D0-8D11-00A0C91BC942}") = "038_random", "038_random\038_random.vcxproj", "{17F7B62C-3ACC-427A-A1BD-1B6D6A216D91}"
EndProject
Project("{8BC9CEB8-8B4A-11D0-8D11-00A0C91BC942}") = "039_ref", "039_ref\039_ref.vcxproj", "{DDC73404-56BA-4949-BAEA-FCEFD3301262}"
EndProject
Project("{8BC9CEB8-8B4A-11D0-8D11-00A0C91BC942}") = "040_bind", "040_bind\040_bind.vcxproj", "{296FEF15-709D-4EEA-86AC-DA49EAD40594}"
EndProject
Project("{8BC9CEB8-8B4A-11D0-8D11-00A0C91BC942}") = "041_thread", "041_thread\041_thread.vcxproj", "{B3D4E49D-4D6B-4F49-B7C2-2FB3DB8CEFD5}"
EndProject
Project("{8BC9CEB8-8B4A-11D0-8D11-00A0C91BC942}") = "042_mutex", "042_mutex\042_mutex.vcxproj", "{066E7A85-9747-4884-92C0-CB4F2874638E}"
EndProject
Project("{8BC9CEB8-8B4A-11D0-8D11-00A0C91BC942}") = "043_timed_mutex", "043_timed_mutex\043_timed_mutex.vcxproj", "{F5B44C6C-F0CD-4D9F-99CF-8421FF3239DD}"
EndProject
Project("{8BC9CEB8-8B4A-11D0-8D11-00A0C91BC942}") = "044_mutex", "044_mutex\044_mutex.vcxproj", "{A91588BF-B1CD-42D1-A896-D76468ECCEB8}"
EndProject
Global
	GlobalSection(SolutionConfigurationPlatforms) = preSolution
		Debug|x64 = Debug|x64
		Debug|x86 = Debug|x86
		Release|x64 = Release|x64
		Release|x86 = Release|x86
	EndGlobalSection
	GlobalSection(ProjectConfigurationPlatforms) = postSolution
		{7FBABC11-0966-4D6E-A3A6-AEF9D3C1175D}.Debug|x64.ActiveCfg = Debug|x64
		{7FBABC11-0966-4D6E-A3A6-AEF9D3C1175D}.Debug|x64.Build.0 = Debug|x64
		{7FBABC11-0966-4D6E-A3A6-AEF9D3C1175D}.Debug|x86.ActiveCfg = Debug|Win32
		{7FBABC11-0966-4D6E-A3A6-AEF9D3C1175D}.Debug|x86.Build.0 = Debug|Win32
		{7FBABC11-0966-4D6E-A3A6-AEF9D3C1175D}.Release|x64.ActiveCfg = Release|x64
		{7FBABC11-0966-4D6E-A3A6-AEF9D3C1175D}.Release|x64.Build.0 = Release|x64
		{7FBABC11-0966-4D6E-A3A6-AEF9D3C1175D}.Release|x86.ActiveCfg = Release|Win32
		{7FBABC11-0966-4D6E-A3A6-AEF9D3C1175D}.Release|x86.Build.0 = Release|Win32
		{8053967E-02A7-4BC1-9DF6-38FBA0D3B24F}.Debug|x64.ActiveCfg = Debug|x64
		{8053967E-02A7-4BC1-9DF6-38FBA0D3B24F}.Debug|x64.Build.0 = Debug|x64
		{8053967E-02A7-4BC1-9DF6-38FBA0D3B24F}.Debug|x86.ActiveCfg = Debug|Win32
		{8053967E-02A7-4BC1-9DF6-38FBA0D3B24F}.Debug|x86.Build.0 = Debug|Win32
		{8053967E-02A7-4BC1-9DF6-38FBA0D3B24F}.Release|x64.ActiveCfg = Release|x64
		{8053967E-02A7-4BC1-9DF6-38FBA0D3B24F}.Release|x64.Build.0 = Release|x64
		{8053967E-02A7-4BC1-9DF6-38FBA0D3B24F}.Release|x86.ActiveCfg = Release|Win32
		{8053967E-02A7-4BC1-9DF6-38FBA0D3B24F}.Release|x86.Build.0 = Release|Win32
		{B37244CF-7468-4810-B9C5-F7ED38B0A400}.Debug|x64.ActiveCfg = Debug|x64
		{B37244CF-7468-4810-B9C5-F7ED38B0A400}.Debug|x64.Build.0 = Debug|x64
		{B37244CF-7468-4810-B9C5-F7ED38B0A400}.Debug|x86.ActiveCfg = Debug|Win32
		{B37244CF-7468-4810-B9C5-F7ED38B0A400}.Debug|x86.Build.0 = Debug|Win32
		{B37244CF-7468-4810-B9C5-F7ED38B0A400}.Release|x64.ActiveCfg = Release|x64
		{B37244CF-7468-4810-B9C5-F7ED38B0A400}.Release|x64.Build.0 = Release|x64
		{B37244CF-7468-4810-B9C5-F7ED38B0A400}.Release|x86.ActiveCfg = Release|Win32
		{B37244CF-7468-4810-B9C5-F7ED38B0A400}.Release|x86.Build.0 = Release|Win32
		{629427B4-8C4A-4F1F-8901-31A6E4874FAD}.Debug|x64.ActiveCfg = Debug|x64
		{629427B4-8C4A-4F1F-8901-31A6E4874FAD}.Debug|x64.Build.0 = Debug|x64
		{629427B4-8C4A-4F1F-8901-31A6E4874FAD}.Debug|x86.ActiveCfg = Debug|Win32
		{629427B4-8C4A-4F1F-8901-31A6E4874FAD}.Debug|x86.Build.0 = Debug|Win32
		{629427B4-8C4A-4F1F-8901-31A6E4874FAD}.Release|x64.ActiveCfg = Release|x64
		{629427B4-8C4A-4F1F-8901-31A6E4874FAD}.Release|x64.Build.0 = Release|x64
		{629427B4-8C4A-4F1F-8901-31A6E4874FAD}.Release|x86.ActiveCfg = Release|Win32
		{629427B4-8C4A-4F1F-8901-31A6E4874FAD}.Release|x86.Build.0 = Release|Win32
		{34C6E2A9-8458-4F9D-B719-65E503EFCB1E}.Debug|x64.ActiveCfg = Debug|x64
		{34C6E2A9-8458-4F9D-B719-65E503EFCB1E}.Debug|x64.Build.0 = Debug|x64
		{34C6E2A9-8458-4F9D-B719-65E503EFCB1E}.Debug|x86.ActiveCfg = Debug|Win32
		{34C6E2A9-8458-4F9D-B719-65E503EFCB1E}.Debug|x86.Build.0 = Debug|Win32
		{34C6E2A9-8458-4F9D-B719-65E503EFCB1E}.Release|x64.ActiveCfg = Release|x64
		{34C6E2A9-8458-4F9D-B719-65E503EFCB1E}.Release|x64.Build.0 = Release|x64
		{34C6E2A9-8458-4F9D-B719-65E503EFCB1E}.Release|x86.ActiveCfg = Release|Win32
		{34C6E2A9-8458-4F9D-B719-65E503EFCB1E}.Release|x86.Build.0 = Release|Win32
		{3F57A4D6-BCA0-46FF-B5A1-755FA972BB3A}.Debug|x64.ActiveCfg = Debug|x64
		{3F57A4D6-BCA0-46FF-B5A1-755FA972BB3A}.Debug|x64.Build.0 = Debug|x64
		{3F57A4D6-BCA0-46FF-B5A1-755FA972BB3A}.Debug|x86.ActiveCfg = Debug|Win32
		{3F57A4D6-BCA0-46FF-B5A1-755FA972BB3A}.Debug|x86.Build.0 = Debug|Win32
		{3F57A4D6-BCA0-46FF-B5A1-755FA972BB3A}.Release|x64.ActiveCfg = Release|x64
		{3F57A4D6-BCA0-46FF-B5A1-755FA972BB3A}.Release|x64.Build.0 = Release|x64
		{3F57A4D6-BCA0-46FF-B5A1-755FA972BB3A}.Release|x86.ActiveCfg = Release|Win32
		{3F57A4D6-BCA0-46FF-B5A1-755FA972BB3A}.Release|x86.Build.0 = Release|Win32
		{D2C60325-8379-4CFF-B2AB-046B357A3C18}.Debug|x64.ActiveCfg = Debug|x64
		{D2C60325-8379-4CFF-B2AB-046B357A3C18}.Debug|x64.Build.0 = Debug|x64
		{D2C60325-8379-4CFF-B2AB-046B357A3C18}.Debug|x86.ActiveCfg = Debug|Win32
		{D2C60325-8379-4CFF-B2AB-046B357A3C18}.Debug|x86.Build.0 = Debug|Win32
		{D2C60325-8379-4CFF-B2AB-046B357A3C18}.Release|x64.ActiveCfg = Release|x64
		{D2C60325-8379-4CFF-B2AB-046B357A3C18}.Release|x64.Build.0 = Release|x64
		{D2C60325-8379-4CFF-B2AB-046B357A3C18}.Release|x86.ActiveCfg = Release|Win32
		{D2C60325-8379-4CFF-B2AB-046B357A3C18}.Release|x86.Build.0 = Release|Win32
		{49E089A4-6146-4C82-8A97-DC70571F344A}.Debug|x64.ActiveCfg = Debug|x64
		{49E089A4-6146-4C82-8A97-DC70571F344A}.Debug|x64.Build.0 = Debug|x64
		{49E089A4-6146-4C82-8A97-DC70571F344A}.Debug|x86.ActiveCfg = Debug|Win32
		{49E089A4-6146-4C82-8A97-DC70571F344A}.Debug|x86.Build.0 = Debug|Win32
		{49E089A4-6146-4C82-8A97-DC70571F344A}.Release|x64.ActiveCfg = Release|x64
		{49E089A4-6146-4C82-8A97-DC70571F344A}.Release|x64.Build.0 = Release|x64
		{49E089A4-6146-4C82-8A97-DC70571F344A}.Release|x86.ActiveCfg = Release|Win32
		{49E089A4-6146-4C82-8A97-DC70571F344A}.Release|x86.Build.0 = Release|Win32
		{9F5298E2-B30E-46F7-9AC7-5A88EB1BC202}.Debug|x64.ActiveCfg = Debug|x64
		{9F5298E2-B30E-46F7-9AC7-5A88EB1BC202}.Debug|x64.Build.0 = Debug|x64
		{9F5298E2-B30E-46F7-9AC7-5A88EB1BC202}.Debug|x86.ActiveCfg = Debug|Win32
		{9F5298E2-B30E-46F7-9AC7-5A88EB1BC202}.Debug|x86.Build.0 = Debug|Win32
		{9F5298E2-B30E-46F7-9AC7-5A88EB1BC202}.Release|x64.ActiveCfg = Release|x64
		{9F5298E2-B30E-46F7-9AC7-5A88EB1BC202}.Release|x64.Build.0 = Release|x64
		{9F5298E2-B30E-46F7-9AC7-5A88EB1BC202}.Release|x86.ActiveCfg = Release|Win32
		{9F5298E2-B30E-46F7-9AC7-5A88EB1BC202}.Release|x86.Build.0 = Release|Win32
		{A01C379F-DC2F-45BC-9572-2554D0F8B6AA}.Debug|x64.ActiveCfg = Debug|x64
		{A01C379F-DC2F-45BC-9572-2554D0F8B6AA}.Debug|x64.Build.0 = Debug|x64
		{A01C379F-DC2F-45BC-9572-2554D0F8B6AA}.Debug|x86.ActiveCfg = Debug|Win32
		{A01C379F-DC2F-45BC-9572-2554D0F8B6AA}.Debug|x86.Build.0 = Debug|Win32
		{A01C379F-DC2F-45BC-9572-2554D0F8B6AA}.Release|x64.ActiveCfg = Release|x64
		{A01C379F-DC2F-45BC-9572-2554D0F8B6AA}.Release|x64.Build.0 = Release|x64
		{A01C379F-DC2F-45BC-9572-2554D0F8B6AA}.Release|x86.ActiveCfg = Release|Win32
		{A01C379F-DC2F-45BC-9572-2554D0F8B6AA}.Release|x86.Build.0 = Release|Win32
		{A9AD4369-E75F-4B01-AFCE-ACB1F4A72354}.Debug|x64.ActiveCfg = Debug|x64
		{A9AD4369-E75F-4B01-AFCE-ACB1F4A72354}.Debug|x64.Build.0 = Debug|x64
		{A9AD4369-E75F-4B01-AFCE-ACB1F4A72354}.Debug|x86.ActiveCfg = Debug|Win32
		{A9AD4369-E75F-4B01-AFCE-ACB1F4A72354}.Debug|x86.Build.0 = Debug|Win32
		{A9AD4369-E75F-4B01-AFCE-ACB1F4A72354}.Release|x64.ActiveCfg = Release|x64
		{A9AD4369-E75F-4B01-AFCE-ACB1F4A72354}.Release|x64.Build.0 = Release|x64
		{A9AD4369-E75F-4B01-AFCE-ACB1F4A72354}.Release|x86.ActiveCfg = Release|Win32
		{A9AD4369-E75F-4B01-AFCE-ACB1F4A72354}.Release|x86.Build.0 = Release|Win32
		{E7225BB6-DFC8-4292-B21B-47BA235DE304}.Debug|x64.ActiveCfg = Debug|x64
		{E7225BB6-DFC8-4292-B21B-47BA235DE304}.Debug|x64.Build.0 = Debug|x64
		{E7225BB6-DFC8-4292-B21B-47BA235DE304}.Debug|x86.ActiveCfg = Debug|Win32
		{E7225BB6-DFC8-4292-B21B-47BA235DE304}.Debug|x86.Build.0 = Debug|Win32
		{E7225BB6-DFC8-4292-B21B-47BA235DE304}.Release|x64.ActiveCfg = Release|x64
		{E7225BB6-DFC8-4292-B21B-47BA235DE304}.Release|x64.Build.0 = Release|x64
		{E7225BB6-DFC8-4292-B21B-47BA235DE304}.Release|x86.ActiveCfg = Release|Win32
		{E7225BB6-DFC8-4292-B21B-47BA235DE304}.Release|x86.Build.0 = Release|Win32
		{2335A5E4-E1A7-4289-BE2F-75A960CD3F25}.Debug|x64.ActiveCfg = Debug|x64
		{2335A5E4-E1A7-4289-BE2F-75A960CD3F25}.Debug|x64.Build.0 = Debug|x64
		{2335A5E4-E1A7-4289-BE2F-75A960CD3F25}.Debug|x86.ActiveCfg = Debug|Win32
		{2335A5E4-E1A7-4289-BE2F-75A960CD3F25}.Debug|x86.Build.0 = Debug|Win32
		{2335A5E4-E1A7-4289-BE2F-75A960CD3F25}.Release|x64.ActiveCfg = Release|x64
		{2335A5E4-E1A7-4289-BE2F-75A960CD3F25}.Release|x64.Build.0 = Release|x64
		{2335A5E4-E1A7-4289-BE2F-75A960CD3F25}.Release|x86.ActiveCfg = Release|Win32
		{2335A5E4-E1A7-4289-BE2F-75A960CD3F25}.Release|x86.Build.0 = Release|Win32
		{D99DF26D-C77A-448D-B05E-EA99AF5E359D}.Debug|x64.ActiveCfg = Debug|x64
		{D99DF26D-C77A-448D-B05E-EA99AF5E359D}.Debug|x64.Build.0 = Debug|x64
		{D99DF26D-C77A-448D-B05E-EA99AF5E359D}.Debug|x86.ActiveCfg = Debug|Win32
		{D99DF26D-C77A-448D-B05E-EA99AF5E359D}.Debug|x86.Build.0 = Debug|Win32
		{D99DF26D-C77A-448D-B05E-EA99AF5E359D}.Release|x64.ActiveCfg = Release|x64
		{D99DF26D-C77A-448D-B05E-EA99AF5E359D}.Release|x64.Build.0 = Release|x64
		{D99DF26D-C77A-448D-B05E-EA99AF5E359D}.Release|x86.ActiveCfg = Release|Win32
		{D99DF26D-C77A-448D-B05E-EA99AF5E359D}.Release|x86.Build.0 = Release|Win32
		{FCF82E5F-8667-447E-9357-9A4E323C4DA6}.Debug|x64.ActiveCfg = Debug|x64
		{FCF82E5F-8667-447E-9357-9A4E323C4DA6}.Debug|x64.Build.0 = Debug|x64
		{FCF82E5F-8667-447E-9357-9A4E323C4DA6}.Debug|x86.ActiveCfg = Debug|Win32
		{FCF82E5F-8667-447E-9357-9A4E323C4DA6}.Debug|x86.Build.0 = Debug|Win32
		{FCF82E5F-8667-447E-9357-9A4E323C4DA6}.Release|x64.ActiveCfg = Release|x64
		{FCF82E5F-8667-447E-9357-9A4E323C4DA6}.Release|x64.Build.0 = Release|x64
		{FCF82E5F-8667-447E-9357-9A4E323C4DA6}.Release|x86.ActiveCfg = Release|Win32
		{FCF82E5F-8667-447E-9357-9A4E323C4DA6}.Release|x86.Build.0 = Release|Win32
		{CD9700F6-6420-47E5-B008-C0A5B3327E32}.Debug|x64.ActiveCfg = Debug|x64
		{CD9700F6-6420-47E5-B008-C0A5B3327E32}.Debug|x64.Build.0 = Debug|x64
		{CD9700F6-6420-47E5-B008-C0A5B3327E32}.Debug|x86.ActiveCfg = Debug|Win32
		{CD9700F6-6420-47E5-B008-C0A5B3327E32}.Debug|x86.Build.0 = Debug|Win32
		{CD9700F6-6420-47E5-B008-C0A5B3327E32}.Release|x64.ActiveCfg = Release|x64
		{CD9700F6-6420-47E5-B008-C0A5B3327E32}.Release|x64.Build.0 = Release|x64
		{CD9700F6-6420-47E5-B008-C0A5B3327E32}.Release|x86.ActiveCfg = Release|Win32
		{CD9700F6-6420-47E5-B008-C0A5B3327E32}.Release|x86.Build.0 = Release|Win32
		{63A15654-A165-4266-85DD-9CB5FAA7972F}.Debug|x64.ActiveCfg = Debug|x64
		{63A15654-A165-4266-85DD-9CB5FAA7972F}.Debug|x64.Build.0 = Debug|x64
		{63A15654-A165-4266-85DD-9CB5FAA7972F}.Debug|x86.ActiveCfg = Debug|Win32
		{63A15654-A165-4266-85DD-9CB5FAA7972F}.Debug|x86.Build.0 = Debug|Win32
		{63A15654-A165-4266-85DD-9CB5FAA7972F}.Release|x64.ActiveCfg = Release|x64
		{63A15654-A165-4266-85DD-9CB5FAA7972F}.Release|x64.Build.0 = Release|x64
		{63A15654-A165-4266-85DD-9CB5FAA7972F}.Release|x86.ActiveCfg = Release|Win32
		{63A15654-A165-4266-85DD-9CB5FAA7972F}.Release|x86.Build.0 = Release|Win32
		{99745112-6481-45CE-A5A5-93F41B77713D}.Debug|x64.ActiveCfg = Debug|x64
		{99745112-6481-45CE-A5A5-93F41B77713D}.Debug|x64.Build.0 = Debug|x64
		{99745112-6481-45CE-A5A5-93F41B77713D}.Debug|x86.ActiveCfg = Debug|Win32
		{99745112-6481-45CE-A5A5-93F41B77713D}.Debug|x86.Build.0 = Debug|Win32
		{99745112-6481-45CE-A5A5-93F41B77713D}.Release|x64.ActiveCfg = Release|x64
		{99745112-6481-45CE-A5A5-93F41B77713D}.Release|x64.Build.0 = Release|x64
		{99745112-6481-45CE-A5A5-93F41B77713D}.Release|x86.ActiveCfg = Release|Win32
		{99745112-6481-45CE-A5A5-93F41B77713D}.Release|x86.Build.0 = Release|Win32
		{746F82DB-2159-4065-BAD3-372DE50A1730}.Debug|x64.ActiveCfg = Debug|x64
		{746F82DB-2159-4065-BAD3-372DE50A1730}.Debug|x64.Build.0 = Debug|x64
		{746F82DB-2159-4065-BAD3-372DE50A1730}.Debug|x86.ActiveCfg = Debug|Win32
		{746F82DB-2159-4065-BAD3-372DE50A1730}.Debug|x86.Build.0 = Debug|Win32
		{746F82DB-2159-4065-BAD3-372DE50A1730}.Release|x64.ActiveCfg = Release|x64
		{746F82DB-2159-4065-BAD3-372DE50A1730}.Release|x64.Build.0 = Release|x64
		{746F82DB-2159-4065-BAD3-372DE50A1730}.Release|x86.ActiveCfg = Release|Win32
		{746F82DB-2159-4065-BAD3-372DE50A1730}.Release|x86.Build.0 = Release|Win32
		{28212DF9-8D4D-455A-9C83-FA5ADE5299DA}.Debug|x64.ActiveCfg = Debug|x64
		{28212DF9-8D4D-455A-9C83-FA5ADE5299DA}.Debug|x64.Build.0 = Debug|x64
		{28212DF9-8D4D-455A-9C83-FA5ADE5299DA}.Debug|x86.ActiveCfg = Debug|Win32
		{28212DF9-8D4D-455A-9C83-FA5ADE5299DA}.Debug|x86.Build.0 = Debug|Win32
		{28212DF9-8D4D-455A-9C83-FA5ADE5299DA}.Release|x64.ActiveCfg = Release|x64
		{28212DF9-8D4D-455A-9C83-FA5ADE5299DA}.Release|x64.Build.0 = Release|x64
		{28212DF9-8D4D-455A-9C83-FA5ADE5299DA}.Release|x86.ActiveCfg = Release|Win32
		{28212DF9-8D4D-455A-9C83-FA5ADE5299DA}.Release|x86.Build.0 = Release|Win32
		{FD8B5FB7-18E1-4836-84B8-4B2AF364E7CB}.Debug|x64.ActiveCfg = Debug|x64
		{FD8B5FB7-18E1-4836-84B8-4B2AF364E7CB}.Debug|x64.Build.0 = Debug|x64
		{FD8B5FB7-18E1-4836-84B8-4B2AF364E7CB}.Debug|x86.ActiveCfg = Debug|Win32
		{FD8B5FB7-18E1-4836-84B8-4B2AF364E7CB}.Debug|x86.Build.0 = Debug|Win32
		{FD8B5FB7-18E1-4836-84B8-4B2AF364E7CB}.Release|x64.ActiveCfg = Release|x64
		{FD8B5FB7-18E1-4836-84B8-4B2AF364E7CB}.Release|x64.Build.0 = Release|x64
		{FD8B5FB7-18E1-4836-84B8-4B2AF364E7CB}.Release|x86.ActiveCfg = Release|Win32
		{FD8B5FB7-18E1-4836-84B8-4B2AF364E7CB}.Release|x86.Build.0 = Release|Win32
		{8DC26F14-AC7F-43BC-9584-816E71A5B38C}.Debug|x64.ActiveCfg = Debug|x64
		{8DC26F14-AC7F-43BC-9584-816E71A5B38C}.Debug|x64.Build.0 = Debug|x64
		{8DC26F14-AC7F-43BC-9584-816E71A5B38C}.Debug|x86.ActiveCfg = Debug|Win32
		{8DC26F14-AC7F-43BC-9584-816E71A5B38C}.Debug|x86.Build.0 = Debug|Win32
		{8DC26F14-AC7F-43BC-9584-816E71A5B38C}.Release|x64.ActiveCfg = Release|x64
		{8DC26F14-AC7F-43BC-9584-816E71A5B38C}.Release|x64.Build.0 = Release|x64
		{8DC26F14-AC7F-43BC-9584-816E71A5B38C}.Release|x86.ActiveCfg = Release|Win32
		{8DC26F14-AC7F-43BC-9584-816E71A5B38C}.Release|x86.Build.0 = Release|Win32
		{DA15BB59-0F0D-44D5-A871-5BD2E815C31E}.Debug|x64.ActiveCfg = Debug|x64
		{DA15BB59-0F0D-44D5-A871-5BD2E815C31E}.Debug|x64.Build.0 = Debug|x64
		{DA15BB59-0F0D-44D5-A871-5BD2E815C31E}.Debug|x86.ActiveCfg = Debug|Win32
		{DA15BB59-0F0D-44D5-A871-5BD2E815C31E}.Debug|x86.Build.0 = Debug|Win32
		{DA15BB59-0F0D-44D5-A871-5BD2E815C31E}.Release|x64.ActiveCfg = Release|x64
		{DA15BB59-0F0D-44D5-A871-5BD2E815C31E}.Release|x64.Build.0 = Release|x64
		{DA15BB59-0F0D-44D5-A871-5BD2E815C31E}.Release|x86.ActiveCfg = Release|Win32
		{DA15BB59-0F0D-44D5-A871-5BD2E815C31E}.Release|x86.Build.0 = Release|Win32
		{A9E64B59-F6A9-4211-A775-D446126461BA}.Debug|x64.ActiveCfg = Debug|x64
		{A9E64B59-F6A9-4211-A775-D446126461BA}.Debug|x64.Build.0 = Debug|x64
		{A9E64B59-F6A9-4211-A775-D446126461BA}.Debug|x86.ActiveCfg = Debug|Win32
		{A9E64B59-F6A9-4211-A775-D446126461BA}.Debug|x86.Build.0 = Debug|Win32
		{A9E64B59-F6A9-4211-A775-D446126461BA}.Release|x64.ActiveCfg = Release|x64
		{A9E64B59-F6A9-4211-A775-D446126461BA}.Release|x64.Build.0 = Release|x64
		{A9E64B59-F6A9-4211-A775-D446126461BA}.Release|x86.ActiveCfg = Release|Win32
		{A9E64B59-F6A9-4211-A775-D446126461BA}.Release|x86.Build.0 = Release|Win32
		{B80C8511-3EED-4D98-A394-E07A12242ED5}.Debug|x64.ActiveCfg = Debug|x64
		{B80C8511-3EED-4D98-A394-E07A12242ED5}.Debug|x64.Build.0 = Debug|x64
		{B80C8511-3EED-4D98-A394-E07A12242ED5}.Debug|x86.ActiveCfg = Debug|Win32
		{B80C8511-3EED-4D98-A394-E07A12242ED5}.Debug|x86.Build.0 = Debug|Win32
		{B80C8511-3EED-4D98-A394-E07A12242ED5}.Release|x64.ActiveCfg = Release|x64
		{B80C8511-3EED-4D98-A394-E07A12242ED5}.Release|x64.Build.0 = Release|x64
		{B80C8511-3EED-4D98-A394-E07A12242ED5}.Release|x86.ActiveCfg = Release|Win32
		{B80C8511-3EED-4D98-A394-E07A12242ED5}.Release|x86.Build.0 = Release|Win32
		{4669256C-AFDB-4998-AD80-E62193829373}.Debug|x64.ActiveCfg = Debug|x64
		{4669256C-AFDB-4998-AD80-E62193829373}.Debug|x64.Build.0 = Debug|x64
		{4669256C-AFDB-4998-AD80-E62193829373}.Debug|x86.ActiveCfg = Debug|Win32
		{4669256C-AFDB-4998-AD80-E62193829373}.Debug|x86.Build.0 = Debug|Win32
		{4669256C-AFDB-4998-AD80-E62193829373}.Release|x64.ActiveCfg = Release|x64
		{4669256C-AFDB-4998-AD80-E62193829373}.Release|x64.Build.0 = Release|x64
		{4669256C-AFDB-4998-AD80-E62193829373}.Release|x86.ActiveCfg = Release|Win32
		{4669256C-AFDB-4998-AD80-E62193829373}.Release|x86.Build.0 = Release|Win32
		{70AAF7DB-F410-433B-88AC-148D7B15B8A8}.Debug|x64.ActiveCfg = Debug|x64
		{70AAF7DB-F410-433B-88AC-148D7B15B8A8}.Debug|x64.Build.0 = Debug|x64
		{70AAF7DB-F410-433B-88AC-148D7B15B8A8}.Debug|x86.ActiveCfg = Debug|Win32
		{70AAF7DB-F410-433B-88AC-148D7B15B8A8}.Debug|x86.Build.0 = Debug|Win32
		{70AAF7DB-F410-433B-88AC-148D7B15B8A8}.Release|x64.ActiveCfg = Release|x64
		{70AAF7DB-F410-433B-88AC-148D7B15B8A8}.Release|x64.Build.0 = Release|x64
		{70AAF7DB-F410-433B-88AC-148D7B15B8A8}.Release|x86.ActiveCfg = Release|Win32
		{70AAF7DB-F410-433B-88AC-148D7B15B8A8}.Release|x86.Build.0 = Release|Win32
		{AD34DA06-646A-41D3-91E4-68DC6A20AC04}.Debug|x64.ActiveCfg = Debug|x64
		{AD34DA06-646A-41D3-91E4-68DC6A20AC04}.Debug|x64.Build.0 = Debug|x64
		{AD34DA06-646A-41D3-91E4-68DC6A20AC04}.Debug|x86.ActiveCfg = Debug|Win32
		{AD34DA06-646A-41D3-91E4-68DC6A20AC04}.Debug|x86.Build.0 = Debug|Win32
		{AD34DA06-646A-41D3-91E4-68DC6A20AC04}.Release|x64.ActiveCfg = Release|x64
		{AD34DA06-646A-41D3-91E4-68DC6A20AC04}.Release|x64.Build.0 = Release|x64
		{AD34DA06-646A-41D3-91E4-68DC6A20AC04}.Release|x86.ActiveCfg = Release|Win32
		{AD34DA06-646A-41D3-91E4-68DC6A20AC04}.Release|x86.Build.0 = Release|Win32
		{E5A626FE-3761-4E6B-BDA7-0AD98E9B5F3F}.Debug|x64.ActiveCfg = Debug|x64
		{E5A626FE-3761-4E6B-BDA7-0AD98E9B5F3F}.Debug|x64.Build.0 = Debug|x64
		{E5A626FE-3761-4E6B-BDA7-0AD98E9B5F3F}.Debug|x86.ActiveCfg = Debug|Win32
		{E5A626FE-3761-4E6B-BDA7-0AD98E9B5F3F}.Debug|x86.Build.0 = Debug|Win32
		{E5A626FE-3761-4E6B-BDA7-0AD98E9B5F3F}.Release|x64.ActiveCfg = Release|x64
		{E5A626FE-3761-4E6B-BDA7-0AD98E9B5F3F}.Release|x64.Build.0 = Release|x64
		{E5A626FE-3761-4E6B-BDA7-0AD98E9B5F3F}.Release|x86.ActiveCfg = Release|Win32
		{E5A626FE-3761-4E6B-BDA7-0AD98E9B5F3F}.Release|x86.Build.0 = Release|Win32
		{D575C299-A7FC-410A-85C7-87F82F57ECF2}.Debug|x64.ActiveCfg = Debug|x64
		{D575C299-A7FC-410A-85C7-87F82F57ECF2}.Debug|x64.Build.0 = Debug|x64
		{D575C299-A7FC-410A-85C7-87F82F57ECF2}.Debug|x86.ActiveCfg = Debug|Win32
		{D575C299-A7FC-410A-85C7-87F82F57ECF2}.Debug|x86.Build.0 = Debug|Win32
		{D575C299-A7FC-410A-85C7-87F82F57ECF2}.Release|x64.ActiveCfg = Release|x64
		{D575C299-A7FC-410A-85C7-87F82F57ECF2}.Release|x64.Build.0 = Release|x64
		{D575C299-A7FC-410A-85C7-87F82F57ECF2}.Release|x86.ActiveCfg = Release|Win32
		{D575C299-A7FC-410A-85C7-87F82F57ECF2}.Release|x86.Build.0 = Release|Win32
		{17F7B62C-3ACC-427A-A1BD-1B6D6A216D91}.Debug|x64.ActiveCfg = Debug|x64
		{17F7B62C-3ACC-427A-A1BD-1B6D6A216D91}.Debug|x64.Build.0 = Debug|x64
		{17F7B62C-3ACC-427A-A1BD-1B6D6A216D91}.Debug|x86.ActiveCfg = Debug|Win32
		{17F7B62C-3ACC-427A-A1BD-1B6D6A216D91}.Debug|x86.Build.0 = Debug|Win32
		{17F7B62C-3ACC-427A-A1BD-1B6D6A216D91}.Release|x64.ActiveCfg = Release|x64
		{17F7B62C-3ACC-427A-A1BD-1B6D6A216D91}.Release|x64.Build.0 = Release|x64
		{17F7B62C-3ACC-427A-A1BD-1B6D6A216D91}.Release|x86.ActiveCfg = Release|Win32
		{17F7B62C-3ACC-427A-A1BD-1B6D6A216D91}.Release|x86.Build.0 = Release|Win32
		{DDC73404-56BA-4949-BAEA-FCEFD3301262}.Debug|x64.ActiveCfg = Debug|x64
		{DDC73404-56BA-4949-BAEA-FCEFD3301262}.Debug|x64.Build.0 = Debug|x64
		{DDC73404-56BA-4949-BAEA-FCEFD3301262}.Debug|x86.ActiveCfg = Debug|Win32
		{DDC73404-56BA-4949-BAEA-FCEFD3301262}.Debug|x86.Build.0 = Debug|Win32
		{DDC73404-56BA-4949-BAEA-FCEFD3301262}.Release|x64.ActiveCfg = Release|x64
		{DDC73404-56BA-4949-BAEA-FCEFD3301262}.Release|x64.Build.0 = Release|x64
		{DDC73404-56BA-4949-BAEA-FCEFD3301262}.Release|x86.ActiveCfg = Release|Win32
		{DDC73404-56BA-4949-BAEA-FCEFD3301262}.Release|x86.Build.0 = Release|Win32
		{296FEF15-709D-4EEA-86AC-DA49EAD40594}.Debug|x64.ActiveCfg = Debug|x64
		{296FEF15-709D-4EEA-86AC-DA49EAD40594}.Debug|x64.Build.0 = Debug|x64
		{296FEF15-709D-4EEA-86AC-DA49EAD40594}.Debug|x86.ActiveCfg = Debug|Win32
		{296FEF15-709D-4EEA-86AC-DA49EAD40594}.Debug|x86.Build.0 = Debug|Win32
		{296FEF15-709D-4EEA-86AC-DA49EAD40594}.Release|x64.ActiveCfg = Release|x64
		{296FEF15-709D-4EEA-86AC-DA49EAD40594}.Release|x64.Build.0 = Release|x64
		{296FEF15-709D-4EEA-86AC-DA49EAD40594}.Release|x86.ActiveCfg = Release|Win32
		{296FEF15-709D-4EEA-86AC-DA49EAD40594}.Release|x86.Build.0 = Release|Win32
		{B3D4E49D-4D6B-4F49-B7C2-2FB3DB8CEFD5}.Debug|x64.ActiveCfg = Debug|x64
		{B3D4E49D-4D6B-4F49-B7C2-2FB3DB8CEFD5}.Debug|x64.Build.0 = Debug|x64
		{B3D4E49D-4D6B-4F49-B7C2-2FB3DB8CEFD5}.Debug|x86.ActiveCfg = Debug|Win32
		{B3D4E49D-4D6B-4F49-B7C2-2FB3DB8CEFD5}.Debug|x86.Build.0 = Debug|Win32
		{B3D4E49D-4D6B-4F49-B7C2-2FB3DB8CEFD5}.Release|x64.ActiveCfg = Release|x64
		{B3D4E49D-4D6B-4F49-B7C2-2FB3DB8CEFD5}.Release|x64.Build.0 = Release|x64
		{B3D4E49D-4D6B-4F49-B7C2-2FB3DB8CEFD5}.Release|x86.ActiveCfg = Release|Win32
		{B3D4E49D-4D6B-4F49-B7C2-2FB3DB8CEFD5}.Release|x86.Build.0 = Release|Win32
		{066E7A85-9747-4884-92C0-CB4F2874638E}.Debug|x64.ActiveCfg = Debug|x64
		{066E7A85-9747-4884-92C0-CB4F2874638E}.Debug|x64.Build.0 = Debug|x64
		{066E7A85-9747-4884-92C0-CB4F2874638E}.Debug|x86.ActiveCfg = Debug|Win32
		{066E7A85-9747-4884-92C0-CB4F2874638E}.Debug|x86.Build.0 = Debug|Win32
		{066E7A85-9747-4884-92C0-CB4F2874638E}.Release|x64.ActiveCfg = Release|x64
		{066E7A85-9747-4884-92C0-CB4F2874638E}.Release|x64.Build.0 = Release|x64
		{066E7A85-9747-4884-92C0-CB4F2874638E}.Release|x86.ActiveCfg = Release|Win32
		{066E7A85-9747-4884-92C0-CB4F2874638E}.Release|x86.Build.0 = Release|Win32
		{F5B44C6C-F0CD-4D9F-99CF-8421FF3239DD}.Debug|x64.ActiveCfg = Debug|x64
		{F5B44C6C-F0CD-4D9F-99CF-8421FF3239DD}.Debug|x64.Build.0 = Debug|x64
		{F5B44C6C-F0CD-4D9F-99CF-8421FF3239DD}.Debug|x86.ActiveCfg = Debug|Win32
		{F5B44C6C-F0CD-4D9F-99CF-8421FF3239DD}.Debug|x86.Build.0 = Debug|Win32
		{F5B44C6C-F0CD-4D9F-99CF-8421FF3239DD}.Release|x64.ActiveCfg = Release|x64
		{F5B44C6C-F0CD-4D9F-99CF-8421FF3239DD}.Release|x64.Build.0 = Release|x64
		{F5B44C6C-F0CD-4D9F-99CF-8421FF3239DD}.Release|x86.ActiveCfg = Release|Win32
		{F5B44C6C-F0CD-4D9F-99CF-8421FF3239DD}.Release|x86.Build.0 = Release|Win32
		{A91588BF-B1CD-42D1-A896-D76468ECCEB8}.Debug|x64.ActiveCfg = Debug|x64
		{A91588BF-B1CD-42D1-A896-D76468ECCEB8}.Debug|x64.Build.0 = Debug|x64
		{A91588BF-B1CD-42D1-A896-D76468ECCEB8}.Debug|x86.ActiveCfg = Debug|Win32
		{A91588BF-B1CD-42D1-A896-D76468ECCEB8}.Debug|x86.Build.0 = Debug|Win32
		{A91588BF-B1CD-42D1-A896-D76468ECCEB8}.Release|x64.ActiveCfg = Release|x64
		{A91588BF-B1CD-42D1-A896-D76468ECCEB8}.Release|x64.Build.0 = Release|x64
		{A91588BF-B1CD-42D1-A896-D76468ECCEB8}.Release|x86.ActiveCfg = Release|Win32
		{A91588BF-B1CD-42D1-A896-D76468ECCEB8}.Release|x86.Build.0 = Release|Win32
	EndGlobalSection
	GlobalSection(SolutionProperties) = preSolution
		HideSolutionNode = FALSE
	EndGlobalSection
	GlobalSection(ExtensibilityGlobals) = postSolution
		SolutionGuid = {F33F34AE-01EE-4A3E-BEC8-10540B17E6A5}
	EndGlobalSection
EndGlobal
